<Solution>
  <Folder Name="/Solution Items/">
    <File Path=".editorconfig" />
    <File Path="CLAUDE.md" />
    <File Path="Directory.Build.props" />
    <File Path="Directory.Packages.props" />
    <File Path="global.json" />
    <File Path="README.md" />
  </Folder>
  <Folder Name="/src/">
    <Project Path="src/AndreGoepel.Testing.Bunit/AndreGoepel.Testing.Bunit.csproj" />
    <Project Path="src/AndreGoepel.Testing.E2E/AndreGoepel.Testing.E2E.csproj" />
  </Folder>
  <Folder Name="/tests/">
    <Project Path="tests/AndreGoepel.Testing.Bunit.Tests/AndreGoepel.Testing.Bunit.Tests.csproj" />
    <Project Path="tests/AndreGoepel.Testing.E2E.Tests/AndreGoepel.Testing.E2E.Tests.csproj" />
  </Folder>
</Solution>
